
Microsoft Visual Studio Solution File, Format Version 12.00
# Visual Studio Version 16
VisualStudioVersion = 16.0.31105.61
MinimumVisualStudioVersion = 10.0.40219.1
Project("{FAE04EC0-301F-11D3-BF4B-00C04F79EFBC}") = "lab2OAID", "lab2OAID.csproj", "{17769C4F-FC71-481B-BB76-F067B4ABA0BD}"
EndProject
Project("{FAE04EC0-301F-11D3-BF4B-00C04F79EFBC}") = "lab2OAIDTests", "..\lab2OAIDTests\lab2OAIDTests.csproj", "{64A32E5E-F05E-4EC2-92F3-166B0F67DCE2}"
EndProject
Project("{FAE04EC0-301F-11D3-BF4B-00C04F79EFBC}") = "lab2OAID_InsertSortingTests", "..\lab2OAID_InsertSortingTests\lab2OAID_InsertSortingTests.csproj", "{640A0DEC-5BB3-4BD9-85EB-1CC22F916D00}"
EndProject
Global
	GlobalSection(SolutionConfigurationPlatforms) = preSolution
		Debug|Any CPU = Debug|Any CPU
		Release|Any CPU = Release|Any CPU
	EndGlobalSection
	GlobalSection(ProjectConfigurationPlatforms) = postSolution
		{17769C4F-FC71-481B-BB76-F067B4ABA0BD}.Debug|Any CPU.ActiveCfg = Debug|Any CPU
		{17769C4F-FC71-481B-BB76-F067B4ABA0BD}.Debug|Any CPU.Build.0 = Debug|Any CPU
		{17769C4F-FC71-481B-BB76-F067B4ABA0BD}.Release|Any CPU.ActiveCfg = Release|Any CPU
		{17769C4F-FC71-481B-BB76-F067B4ABA0BD}.Release|Any CPU.Build.0 = Release|Any CPU
		{64A32E5E-F05E-4EC2-92F3-166B0F67DCE2}.Debug|Any CPU.ActiveCfg = Debug|Any CPU
		{64A32E5E-F05E-4EC2-92F3-166B0F67DCE2}.Debug|Any CPU.Build.0 = Debug|Any CPU
		{64A32E5E-F05E-4EC2-92F3-166B0F67DCE2}.Release|Any CPU.ActiveCfg = Release|Any CPU
		{64A32E5E-F05E-4EC2-92F3-166B0F67DCE2}.Release|Any CPU.Build.0 = Release|Any CPU
		{640A0DEC-5BB3-4BD9-85EB-1CC22F916D00}.Debug|Any CPU.ActiveCfg = Debug|Any CPU
		{640A0DEC-5BB3-4BD9-85EB-1CC22F916D00}.Debug|Any CPU.Build.0 = Debug|Any CPU
		{640A0DEC-5BB3-4BD9-85EB-1CC22F916D00}.Release|Any CPU.ActiveCfg = Release|Any CPU
		{640A0DEC-5BB3-4BD9-85EB-1CC22F916D00}.Release|Any CPU.Build.0 = Release|Any CPU
	EndGlobalSection
	GlobalSection(SolutionProperties) = preSolution
		HideSolutionNode = FALSE
	EndGlobalSection
	GlobalSection(ExtensibilityGlobals) = postSolution
		SolutionGuid = {67F4CFA9-9893-4F90-9389-FCE58BC7D7D2}
	EndGlobalSection
EndGlobal
